
Microsoft Visual Studio Solution File, Format Version 12.00
# Visual Studio Version 17
VisualStudioVersion = 17.0.32126.317
MinimumVisualStudioVersion = 10.0.40219.1
Project("{FAE04EC0-301F-11D3-BF4B-00C04F79EFBC}") = "Examen2_AbnerValeriano", "Examen2_AbnerValeriano\Examen2_AbnerValeriano.csproj", "{7CACBF1A-8896-4397-8372-729C3EFB1AD1}"
EndProject
Project("{FAE04EC0-301F-11D3-BF4B-00C04F79EFBC}") = "Datos", "Datos\Datos.csproj", "{D80FA68A-060B-444C-ADFB-E6FFB5275CDF}"
EndProject
Global
	GlobalSection(SolutionConfigurationPlatforms) = preSolution
		Debug|Any CPU = Debug|Any CPU
		Release|Any CPU = Release|Any CPU
	EndGlobalSection
	GlobalSection(ProjectConfigurationPlatforms) = postSolution
		{7CACBF1A-8896-4397-8372-729C3EFB1AD1}.Debug|Any CPU.ActiveCfg = Debug|Any CPU
		{7CACBF1A-8896-4397-8372-729C3EFB1AD1}.Debug|Any CPU.Build.0 = Debug|Any CPU
		{7CACBF1A-8896-4397-8372-729C3EFB1AD1}.Release|Any CPU.ActiveCfg = Release|Any CPU
		{7CACBF1A-8896-4397-8372-729C3EFB1AD1}.Release|Any CPU.Build.0 = Release|Any CPU
		{D80FA68A-060B-444C-ADFB-E6FFB5275CDF}.Debug|Any CPU.ActiveCfg = Debug|Any CPU
		{D80FA68A-060B-444C-ADFB-E6FFB5275CDF}.Debug|Any CPU.Build.0 = Debug|Any CPU
		{D80FA68A-060B-444C-ADFB-E6FFB5275CDF}.Release|Any CPU.ActiveCfg = Release|Any CPU
		{D80FA68A-060B-444C-ADFB-E6FFB5275CDF}.Release|Any CPU.Build.0 = Release|Any CPU
	EndGlobalSection
	GlobalSection(SolutionProperties) = preSolution
		HideSolutionNode = FALSE
	EndGlobalSection
	GlobalSection(ExtensibilityGlobals) = postSolution
		SolutionGuid = {42A76CF6-D33A-4C23-846C-A9E1C4A108DC}
	EndGlobalSection
EndGlobal
